{
  "lockfileVersion": 1,
  "configVersion": 0,
  "workspaces": {
    "": {
      "name": "template-vite",
      "dependencies": {
        "firebase": "^12.9.0",
        "phaser": "^3.80.1",
      },
      "devDependencies": {
        "vite": "^5.1.6",
      },
    },
  },
  "packages": {
    "@esbuild/aix-ppc64": ["@esbuild/aix-ppc64@0.19.11", "", { "os": "aix", "cpu": "ppc64" }, "sha512-FnzU0LyE3ySQk7UntJO4+qIiQgI7KoODnZg5xzXIrFJlKd2P2gwHsHY4927xj9y5PJmJSzULiUCWmv7iWnNa7g=="],

    "@esbuild/android-arm": ["@esbuild/android-arm@0.19.11", "", { "os": "android", "cpu": "arm" }, "sha512-5OVapq0ClabvKvQ58Bws8+wkLCV+Rxg7tUVbo9xu034Nm536QTII4YzhaFriQ7rMrorfnFKUsArD2lqKbFY4vw=="],

    "@esbuild/android-arm64": ["@esbuild/android-arm64@0.19.11", "", { "os": "android", "cpu": "arm64" }, "sha512-aiu7K/5JnLj//KOnOfEZ0D90obUkRzDMyqd/wNAUQ34m4YUPVhRZpnqKV9uqDGxT7cToSDnIHsGooyIczu9T+Q=="],

    "@esbuild/android-x64": ["@esbuild/android-x64@0.19.11", "", { "os": "android", "cpu": "x64" }, "sha512-eccxjlfGw43WYoY9QgB82SgGgDbibcqyDTlk3l3C0jOVHKxrjdc9CTwDUQd0vkvYg5um0OH+GpxYvp39r+IPOg=="],

    "@esbuild/darwin-arm64": ["@esbuild/darwin-arm64@0.19.11", "", { "os": "darwin", "cpu": "arm64" }, "sha512-ETp87DRWuSt9KdDVkqSoKoLFHYTrkyz2+65fj9nfXsaV3bMhTCjtQfw3y+um88vGRKRiF7erPrh/ZuIdLUIVxQ=="],

    "@esbuild/darwin-x64": ["@esbuild/darwin-x64@0.19.11", "", { "os": "darwin", "cpu": "x64" }, "sha512-fkFUiS6IUK9WYUO/+22omwetaSNl5/A8giXvQlcinLIjVkxwTLSktbF5f/kJMftM2MJp9+fXqZ5ezS7+SALp4g=="],

    "@esbuild/freebsd-arm64": ["@esbuild/freebsd-arm64@0.19.11", "", { "os": "freebsd", "cpu": "arm64" }, "sha512-lhoSp5K6bxKRNdXUtHoNc5HhbXVCS8V0iZmDvyWvYq9S5WSfTIHU2UGjcGt7UeS6iEYp9eeymIl5mJBn0yiuxA=="],

    "@esbuild/freebsd-x64": ["@esbuild/freebsd-x64@0.19.11", "", { "os": "freebsd", "cpu": "x64" }, "sha512-JkUqn44AffGXitVI6/AbQdoYAq0TEullFdqcMY/PCUZ36xJ9ZJRtQabzMA+Vi7r78+25ZIBosLTOKnUXBSi1Kw=="],

    "@esbuild/linux-arm": ["@esbuild/linux-arm@0.19.11", "", { "os": "linux", "cpu": "arm" }, "sha512-3CRkr9+vCV2XJbjwgzjPtO8T0SZUmRZla+UL1jw+XqHZPkPgZiyWvbDvl9rqAN8Zl7qJF0O/9ycMtjU67HN9/Q=="],

    "@esbuild/linux-arm64": ["@esbuild/linux-arm64@0.19.11", "", { "os": "linux", "cpu": "arm64" }, "sha512-LneLg3ypEeveBSMuoa0kwMpCGmpu8XQUh+mL8XXwoYZ6Be2qBnVtcDI5azSvh7vioMDhoJFZzp9GWp9IWpYoUg=="],

    "@esbuild/linux-ia32": ["@esbuild/linux-ia32@0.19.11", "", { "os": "linux", "cpu": "ia32" }, "sha512-caHy++CsD8Bgq2V5CodbJjFPEiDPq8JJmBdeyZ8GWVQMjRD0sU548nNdwPNvKjVpamYYVL40AORekgfIubwHoA=="],

    "@esbuild/linux-loong64": ["@esbuild/linux-loong64@0.19.11", "", { "os": "linux", "cpu": "none" }, "sha512-ppZSSLVpPrwHccvC6nQVZaSHlFsvCQyjnvirnVjbKSHuE5N24Yl8F3UwYUUR1UEPaFObGD2tSvVKbvR+uT1Nrg=="],

    "@esbuild/linux-mips64el": ["@esbuild/linux-mips64el@0.19.11", "", { "os": "linux", "cpu": "none" }, "sha512-B5x9j0OgjG+v1dF2DkH34lr+7Gmv0kzX6/V0afF41FkPMMqaQ77pH7CrhWeR22aEeHKaeZVtZ6yFwlxOKPVFyg=="],

    "@esbuild/linux-ppc64": ["@esbuild/linux-ppc64@0.19.11", "", { "os": "linux", "cpu": "ppc64" }, "sha512-MHrZYLeCG8vXblMetWyttkdVRjQlQUb/oMgBNurVEnhj4YWOr4G5lmBfZjHYQHHN0g6yDmCAQRR8MUHldvvRDA=="],

    "@esbuild/linux-riscv64": ["@esbuild/linux-riscv64@0.19.11", "", { "os": "linux", "cpu": "none" }, "sha512-f3DY++t94uVg141dozDu4CCUkYW+09rWtaWfnb3bqe4w5NqmZd6nPVBm+qbz7WaHZCoqXqHz5p6CM6qv3qnSSQ=="],

    "@esbuild/linux-s390x": ["@esbuild/linux-s390x@0.19.11", "", { "os": "linux", "cpu": "s390x" }, "sha512-A5xdUoyWJHMMlcSMcPGVLzYzpcY8QP1RtYzX5/bS4dvjBGVxdhuiYyFwp7z74ocV7WDc0n1harxmpq2ePOjI0Q=="],

    "@esbuild/linux-x64": ["@esbuild/linux-x64@0.19.11", "", { "os": "linux", "cpu": "x64" }, "sha512-grbyMlVCvJSfxFQUndw5mCtWs5LO1gUlwP4CDi4iJBbVpZcqLVT29FxgGuBJGSzyOxotFG4LoO5X+M1350zmPA=="],

    "@esbuild/netbsd-x64": ["@esbuild/netbsd-x64@0.19.11", "", { "os": "none", "cpu": "x64" }, "sha512-13jvrQZJc3P230OhU8xgwUnDeuC/9egsjTkXN49b3GcS5BKvJqZn86aGM8W9pd14Kd+u7HuFBMVtrNGhh6fHEQ=="],

    "@esbuild/openbsd-x64": ["@esbuild/openbsd-x64@0.19.11", "", { "os": "openbsd", "cpu": "x64" }, "sha512-ysyOGZuTp6SNKPE11INDUeFVVQFrhcNDVUgSQVDzqsqX38DjhPEPATpid04LCoUr2WXhQTEZ8ct/EgJCUDpyNw=="],

    "@esbuild/sunos-x64": ["@esbuild/sunos-x64@0.19.11", "", { "os": "sunos", "cpu": "x64" }, "sha512-Hf+Sad9nVwvtxy4DXCZQqLpgmRTQqyFyhT3bZ4F2XlJCjxGmRFF0Shwn9rzhOYRB61w9VMXUkxlBy56dk9JJiQ=="],

    "@esbuild/win32-arm64": ["@esbuild/win32-arm64@0.19.11", "", { "os": "win32", "cpu": "arm64" }, "sha512-0P58Sbi0LctOMOQbpEOvOL44Ne0sqbS0XWHMvvrg6NE5jQ1xguCSSw9jQeUk2lfrXYsKDdOe6K+oZiwKPilYPQ=="],

    "@esbuild/win32-ia32": ["@esbuild/win32-ia32@0.19.11", "", { "os": "win32", "cpu": "ia32" }, "sha512-6YOrWS+sDJDmshdBIQU+Uoyh7pQKrdykdefC1avn76ss5c+RN6gut3LZA4E2cH5xUEp5/cA0+YxRaVtRAb0xBg=="],

    "@esbuild/win32-x64": ["@esbuild/win32-x64@0.19.11", "", { "os": "win32", "cpu": "x64" }, "sha512-vfkhltrjCAb603XaFhqhAF4LGDi2M4OrCRrFusyQ+iTLQ/o60QQXxc9cZC/FFpihBI9N1Grn6SMKVJ4KP7Fuiw=="],

    "@firebase/ai": ["@firebase/ai@2.8.0", "", { "dependencies": { "@firebase/app-check-interop-types": "0.3.3", "@firebase/component": "0.7.0", "@firebase/logger": "0.5.0", "@firebase/util": "1.13.0", "tslib": "^2.1.0" }, "peerDependencies": { "@firebase/app": "0.x", "@firebase/app-types": "0.x" } }, "sha512-grWYGFPsSo+pt+6CYeKR0kWnUfoLLS3xgWPvNrhAS5EPxl6xWq7+HjDZqX24yLneETyl45AVgDsTbVgxeWeRfg=="],

    "@firebase/analytics": ["@firebase/analytics@0.10.19", "", { "dependencies": { "@firebase/component": "0.7.0", "@firebase/installations": "0.6.19", "@firebase/logger": "0.5.0", "@firebase/util": "1.13.0", "tslib": "^2.1.0" }, "peerDependencies": { "@firebase/app": "0.x" } }, "sha512-3wU676fh60gaiVYQEEXsbGS4HbF2XsiBphyvvqDbtC1U4/dO4coshbYktcCHq+HFaGIK07iHOh4pME0hEq1fcg=="],

    "@firebase/analytics-compat": ["@firebase/analytics-compat@0.2.25", "", { "dependencies": { "@firebase/analytics": "0.10.19", "@firebase/analytics-types": "0.8.3", "@firebase/component": "0.7.0", "@firebase/util": "1.13.0", "tslib": "^2.1.0" }, "peerDependencies": { "@firebase/app-compat": "0.x" } }, "sha512-fdzoaG0BEKbqksRDhmf4JoyZf16Wosrl0Y7tbZtJyVDOOwziE0vrFjmZuTdviL0yhak+Nco6rMsUUbkbD+qb6Q=="],

    "@firebase/analytics-types": ["@firebase/analytics-types@0.8.3", "", {}, "sha512-VrIp/d8iq2g501qO46uGz3hjbDb8xzYMrbu8Tp0ovzIzrvJZ2fvmj649gTjge/b7cCCcjT0H37g1gVtlNhnkbg=="],

    "@firebase/app": ["@firebase/app@0.14.8", "", { "dependencies": { "@firebase/component": "0.7.0", "@firebase/logger": "0.5.0", "@firebase/util": "1.13.0", "idb": "7.1.1", "tslib": "^2.1.0" } }, "sha512-WiE9uCGRLUnShdjb9iP20sA3ToWrBbNXr14/N5mow7Nls9dmKgfGaGX5cynLvrltxq2OrDLh1VDNaUgsnS/k/g=="],

    "@firebase/app-check": ["@firebase/app-check@0.11.0", "", { "dependencies": { "@firebase/component": "0.7.0", "@firebase/logger": "0.5.0", "@firebase/util": "1.13.0", "tslib": "^2.1.0" }, "peerDependencies": { "@firebase/app": "0.x" } }, "sha512-XAvALQayUMBJo58U/rxW02IhsesaxxfWVmVkauZvGEz3vOAjMEQnzFlyblqkc2iAaO82uJ2ZVyZv9XzPfxjJ6w=="],

    "@firebase/app-check-compat": ["@firebase/app-check-compat@0.4.0", "", { "dependencies": { "@firebase/app-check": "0.11.0", "@firebase/app-check-types": "0.5.3", "@firebase/component": "0.7.0", "@firebase/logger": "0.5.0", "@firebase/util": "1.13.0", "tslib": "^2.1.0" }, "peerDependencies": { "@firebase/app-compat": "0.x" } }, "sha512-UfK2Q8RJNjYM/8MFORltZRG9lJj11k0nW84rrffiKvcJxLf1jf6IEjCIkCamykHE73C6BwqhVfhIBs69GXQV0g=="],

    "@firebase/app-check-interop-types": ["@firebase/app-check-interop-types@0.3.3", "", {}, "sha512-gAlxfPLT2j8bTI/qfe3ahl2I2YcBQ8cFIBdhAQA4I2f3TndcO+22YizyGYuttLHPQEpWkhmpFW60VCFEPg4g5A=="],

    "@firebase/app-check-types": ["@firebase/app-check-types@0.5.3", "", {}, "sha512-hyl5rKSj0QmwPdsAxrI5x1otDlByQ7bvNvVt8G/XPO2CSwE++rmSVf3VEhaeOR4J8ZFaF0Z0NDSmLejPweZ3ng=="],

    "@firebase/app-compat": ["@firebase/app-compat@0.5.8", "", { "dependencies": { "@firebase/app": "0.14.8", "@firebase/component": "0.7.0", "@firebase/logger": "0.5.0", "@firebase/util": "1.13.0", "tslib": "^2.1.0" } }, "sha512-4De6SUZ36zozl9kh5rZSxKWULpgty27rMzZ6x+xkoo7+NWyhWyFdsdvhFsWhTw/9GGj0wXIcbTjwHYCUIUuHyg=="],

    "@firebase/app-types": ["@firebase/app-types@0.9.3", "", {}, "sha512-kRVpIl4vVGJ4baogMDINbyrIOtOxqhkZQg4jTq3l8Lw6WSk0xfpEYzezFu+Kl4ve4fbPl79dvwRtaFqAC/ucCw=="],

    "@firebase/auth": ["@firebase/auth@1.12.0", "", { "dependencies": { "@firebase/component": "0.7.0", "@firebase/logger": "0.5.0", "@firebase/util": "1.13.0", "tslib": "^2.1.0" }, "peerDependencies": { "@firebase/app": "0.x", "@react-native-async-storage/async-storage": "^2.2.0" }, "optionalPeers": ["@react-native-async-storage/async-storage"] }, "sha512-zkvLpsrxynWHk07qGrUDfCSqKf4AvfZGEqJ7mVCtYGjNNDbGE71k0Yn84rg8QEZu4hQw1BC0qDEHzpNVBcSVmA=="],

    "@firebase/auth-compat": ["@firebase/auth-compat@0.6.2", "", { "dependencies": { "@firebase/auth": "1.12.0", "@firebase/auth-types": "0.13.0", "@firebase/component": "0.7.0", "@firebase/util": "1.13.0", "tslib": "^2.1.0" }, "peerDependencies": { "@firebase/app-compat": "0.x" } }, "sha512-8UhCzF6pav9bw/eXA8Zy1QAKssPRYEYXaWagie1ewLTwHkXv6bKp/j6/IwzSYQP67sy/BMFXIFaCCsoXzFLr7A=="],

    "@firebase/auth-interop-types": ["@firebase/auth-interop-types@0.2.4", "", {}, "sha512-JPgcXKCuO+CWqGDnigBtvo09HeBs5u/Ktc2GaFj2m01hLarbxthLNm7Fk8iOP1aqAtXV+fnnGj7U28xmk7IwVA=="],

    "@firebase/auth-types": ["@firebase/auth-types@0.13.0", "", { "peerDependencies": { "@firebase/app-types": "0.x", "@firebase/util": "1.x" } }, "sha512-S/PuIjni0AQRLF+l9ck0YpsMOdE8GO2KU6ubmBB7P+7TJUCQDa3R1dlgYm9UzGbbePMZsp0xzB93f2b/CgxMOg=="],

    "@firebase/component": ["@firebase/component@0.7.0", "", { "dependencies": { "@firebase/util": "1.13.0", "tslib": "^2.1.0" } }, "sha512-wR9En2A+WESUHexjmRHkqtaVH94WLNKt6rmeqZhSLBybg4Wyf0Umk04SZsS6sBq4102ZsDBFwoqMqJYj2IoDSg=="],

    "@firebase/data-connect": ["@firebase/data-connect@0.3.12", "", { "dependencies": { "@firebase/auth-interop-types": "0.2.4", "@firebase/component": "0.7.0", "@firebase/logger": "0.5.0", "@firebase/util": "1.13.0", "tslib": "^2.1.0" }, "peerDependencies": { "@firebase/app": "0.x" } }, "sha512-baPddcoNLj/+vYo+HSJidJUdr5W4OkhT109c5qhR8T1dJoZcyJpkv/dFpYlw/VJ3dV66vI8GHQFrmAZw/xUS4g=="],

    "@firebase/database": ["@firebase/database@1.1.0", "", { "dependencies": { "@firebase/app-check-interop-types": "0.3.3", "@firebase/auth-interop-types": "0.2.4", "@firebase/component": "0.7.0", "@firebase/logger": "0.5.0", "@firebase/util": "1.13.0", "faye-websocket": "0.11.4", "tslib": "^2.1.0" } }, "sha512-gM6MJFae3pTyNLoc9VcJNuaUDej0ctdjn3cVtILo3D5lpp0dmUHHLFN/pUKe7ImyeB1KAvRlEYxvIHNF04Filg=="],

    "@firebase/database-compat": ["@firebase/database-compat@2.1.0", "", { "dependencies": { "@firebase/component": "0.7.0", "@firebase/database": "1.1.0", "@firebase/database-types": "1.0.16", "@firebase/logger": "0.5.0", "@firebase/util": "1.13.0", "tslib": "^2.1.0" } }, "sha512-8nYc43RqxScsePVd1qe1xxvWNf0OBnbwHxmXJ7MHSuuTVYFO3eLyLW3PiCKJ9fHnmIz4p4LbieXwz+qtr9PZDg=="],

    "@firebase/database-types": ["@firebase/database-types@1.0.16", "", { "dependencies": { "@firebase/app-types": "0.9.3", "@firebase/util": "1.13.0" } }, "sha512-xkQLQfU5De7+SPhEGAXFBnDryUWhhlFXelEg2YeZOQMCdoe7dL64DDAd77SQsR+6uoXIZY5MB4y/inCs4GTfcw=="],

    "@firebase/firestore": ["@firebase/firestore@4.11.0", "", { "dependencies": { "@firebase/component": "0.7.0", "@firebase/logger": "0.5.0", "@firebase/util": "1.13.0", "@firebase/webchannel-wrapper": "1.0.5", "@grpc/grpc-js": "~1.9.0", "@grpc/proto-loader": "^0.7.8", "tslib": "^2.1.0" }, "peerDependencies": { "@firebase/app": "0.x" } }, "sha512-Zb88s8rssBd0J2Tt+NUXMPt2sf+Dq7meatKiJf5t9oto1kZ8w9gK59Koe1uPVbaKfdgBp++N/z0I4G/HamyEhg=="],

    "@firebase/firestore-compat": ["@firebase/firestore-compat@0.4.5", "", { "dependencies": { "@firebase/component": "0.7.0", "@firebase/firestore": "4.11.0", "@firebase/firestore-types": "3.0.3", "@firebase/util": "1.13.0", "tslib": "^2.1.0" }, "peerDependencies": { "@firebase/app-compat": "0.x" } }, "sha512-yVX1CkVvqBI4qbA56uZo42xFA4TNU0ICQ+9AFDvYq9U9Xu6iAx9lFDAk/tN+NGereQQXXCSnpISwc/oxsQqPLA=="],

    "@firebase/firestore-types": ["@firebase/firestore-types@3.0.3", "", { "peerDependencies": { "@firebase/app-types": "0.x", "@firebase/util": "1.x" } }, "sha512-hD2jGdiWRxB/eZWF89xcK9gF8wvENDJkzpVFb4aGkzfEaKxVRD1kjz1t1Wj8VZEp2LCB53Yx1zD8mrhQu87R6Q=="],

    "@firebase/functions": ["@firebase/functions@0.13.1", "", { "dependencies": { "@firebase/app-check-interop-types": "0.3.3", "@firebase/auth-interop-types": "0.2.4", "@firebase/component": "0.7.0", "@firebase/messaging-interop-types": "0.2.3", "@firebase/util": "1.13.0", "tslib": "^2.1.0" }, "peerDependencies": { "@firebase/app": "0.x" } }, "sha512-sUeWSb0rw5T+6wuV2o9XNmh9yHxjFI9zVGFnjFi+n7drTEWpl7ZTz1nROgGrSu472r+LAaj+2YaSicD4R8wfbw=="],

    "@firebase/functions-compat": ["@firebase/functions-compat@0.4.1", "", { "dependencies": { "@firebase/component": "0.7.0", "@firebase/functions": "0.13.1", "@firebase/functions-types": "0.6.3", "@firebase/util": "1.13.0", "tslib": "^2.1.0" }, "peerDependencies": { "@firebase/app-compat": "0.x" } }, "sha512-AxxUBXKuPrWaVNQ8o1cG1GaCAtXT8a0eaTDfqgS5VsRYLAR0ALcfqDLwo/QyijZj1w8Qf8n3Qrfy/+Im245hOQ=="],

    "@firebase/functions-types": ["@firebase/functions-types@0.6.3", "", {}, "sha512-EZoDKQLUHFKNx6VLipQwrSMh01A1SaL3Wg6Hpi//x6/fJ6Ee4hrAeswK99I5Ht8roiniKHw4iO0B1Oxj5I4plg=="],

    "@firebase/installations": ["@firebase/installations@0.6.19", "", { "dependencies": { "@firebase/component": "0.7.0", "@firebase/util": "1.13.0", "idb": "7.1.1", "tslib": "^2.1.0" }, "peerDependencies": { "@firebase/app": "0.x" } }, "sha512-nGDmiwKLI1lerhwfwSHvMR9RZuIH5/8E3kgUWnVRqqL7kGVSktjLTWEMva7oh5yxQ3zXfIlIwJwMcaM5bK5j8Q=="],

    "@firebase/installations-compat": ["@firebase/installations-compat@0.2.19", "", { "dependencies": { "@firebase/component": "0.7.0", "@firebase/installations": "0.6.19", "@firebase/installations-types": "0.5.3", "@firebase/util": "1.13.0", "tslib": "^2.1.0" }, "peerDependencies": { "@firebase/app-compat": "0.x" } }, "sha512-khfzIY3EI5LePePo7vT19/VEIH1E3iYsHknI/6ek9T8QCozAZshWT9CjlwOzZrKvTHMeNcbpo/VSOSIWDSjWdQ=="],

    "@firebase/installations-types": ["@firebase/installations-types@0.5.3", "", { "peerDependencies": { "@firebase/app-types": "0.x" } }, "sha512-2FJI7gkLqIE0iYsNQ1P751lO3hER+Umykel+TkLwHj6plzWVxqvfclPUZhcKFVQObqloEBTmpi2Ozn7EkCABAA=="],

    "@firebase/logger": ["@firebase/logger@0.5.0", "", { "dependencies": { "tslib": "^2.1.0" } }, "sha512-cGskaAvkrnh42b3BA3doDWeBmuHFO/Mx5A83rbRDYakPjO9bJtRL3dX7javzc2Rr/JHZf4HlterTW2lUkfeN4g=="],

    "@firebase/messaging": ["@firebase/messaging@0.12.23", "", { "dependencies": { "@firebase/component": "0.7.0", "@firebase/installations": "0.6.19", "@firebase/messaging-interop-types": "0.2.3", "@firebase/util": "1.13.0", "idb": "7.1.1", "tslib": "^2.1.0" }, "peerDependencies": { "@firebase/app": "0.x" } }, "sha512-cfuzv47XxqW4HH/OcR5rM+AlQd1xL/VhuaeW/wzMW1LFrsFcTn0GND/hak1vkQc2th8UisBcrkVcQAnOnKwYxg=="],

    "@firebase/messaging-compat": ["@firebase/messaging-compat@0.2.23", "", { "dependencies": { "@firebase/component": "0.7.0", "@firebase/messaging": "0.12.23", "@firebase/util": "1.13.0", "tslib": "^2.1.0" }, "peerDependencies": { "@firebase/app-compat": "0.x" } }, "sha512-SN857v/kBUvlQ9X/UjAqBoQ2FEaL1ZozpnmL1ByTe57iXkmnVVFm9KqAsTfmf+OEwWI4kJJe9NObtN/w22lUgg=="],

    "@firebase/messaging-interop-types": ["@firebase/messaging-interop-types@0.2.3", "", {}, "sha512-xfzFaJpzcmtDjycpDeCUj0Ge10ATFi/VHVIvEEjDNc3hodVBQADZ7BWQU7CuFpjSHE+eLuBI13z5F/9xOoGX8Q=="],

    "@firebase/performance": ["@firebase/performance@0.7.9", "", { "dependencies": { "@firebase/component": "0.7.0", "@firebase/installations": "0.6.19", "@firebase/logger": "0.5.0", "@firebase/util": "1.13.0", "tslib": "^2.1.0", "web-vitals": "^4.2.4" }, "peerDependencies": { "@firebase/app": "0.x" } }, "sha512-UzybENl1EdM2I1sjYm74xGt/0JzRnU/0VmfMAKo2LSpHJzaj77FCLZXmYQ4oOuE+Pxtt8Wy2BVJEENiZkaZAzQ=="],

    "@firebase/performance-compat": ["@firebase/performance-compat@0.2.22", "", { "dependencies": { "@firebase/component": "0.7.0", "@firebase/logger": "0.5.0", "@firebase/performance": "0.7.9", "@firebase/performance-types": "0.2.3", "@firebase/util": "1.13.0", "tslib": "^2.1.0" }, "peerDependencies": { "@firebase/app-compat": "0.x" } }, "sha512-xLKxaSAl/FVi10wDX/CHIYEUP13jXUjinL+UaNXT9ByIvxII5Ne5150mx6IgM8G6Q3V+sPiw9C8/kygkyHUVxg=="],

    "@firebase/performance-types": ["@firebase/performance-types@0.2.3", "", {}, "sha512-IgkyTz6QZVPAq8GSkLYJvwSLr3LS9+V6vNPQr0x4YozZJiLF5jYixj0amDtATf1X0EtYHqoPO48a9ija8GocxQ=="],

    "@firebase/remote-config": ["@firebase/remote-config@0.8.0", "", { "dependencies": { "@firebase/component": "0.7.0", "@firebase/installations": "0.6.19", "@firebase/logger": "0.5.0", "@firebase/util": "1.13.0", "tslib": "^2.1.0" }, "peerDependencies": { "@firebase/app": "0.x" } }, "sha512-sJz7C2VACeE257Z/3kY9Ap2WXbFsgsDLfaGfZmmToKAK39ipXxFan+vzB9CSbF6mP7bzjyzEnqPcMXhAnYE6fQ=="],

    "@firebase/remote-config-compat": ["@firebase/remote-config-compat@0.2.21", "", { "dependencies": { "@firebase/component": "0.7.0", "@firebase/logger": "0.5.0", "@firebase/remote-config": "0.8.0", "@firebase/remote-config-types": "0.5.0", "@firebase/util": "1.13.0", "tslib": "^2.1.0" }, "peerDependencies": { "@firebase/app-compat": "0.x" } }, "sha512-9+lm0eUycxbu8GO25JfJe4s6R2xlDqlVt0CR6CvN9E6B4AFArEV4qfLoDVRgIEB7nHKwvH2nYRocPWfmjRQTnw=="],

    "@firebase/remote-config-types": ["@firebase/remote-config-types@0.5.0", "", {}, "sha512-vI3bqLoF14L/GchtgayMiFpZJF+Ao3uR8WCde0XpYNkSokDpAKca2DxvcfeZv7lZUqkUwQPL2wD83d3vQ4vvrg=="],

    "@firebase/storage": ["@firebase/storage@0.14.0", "", { "dependencies": { "@firebase/component": "0.7.0", "@firebase/util": "1.13.0", "tslib": "^2.1.0" }, "peerDependencies": { "@firebase/app": "0.x" } }, "sha512-xWWbb15o6/pWEw8H01UQ1dC5U3rf8QTAzOChYyCpafV6Xki7KVp3Yaw2nSklUwHEziSWE9KoZJS7iYeyqWnYFA=="],

    "@firebase/storage-compat": ["@firebase/storage-compat@0.4.0", "", { "dependencies": { "@firebase/component": "0.7.0", "@firebase/storage": "0.14.0", "@firebase/storage-types": "0.8.3", "@firebase/util": "1.13.0", "tslib": "^2.1.0" }, "peerDependencies": { "@firebase/app-compat": "0.x" } }, "sha512-vDzhgGczr1OfcOy285YAPur5pWDEvD67w4thyeCUh6Ys0izN9fNYtA1MJERmNBfqjqu0lg0FM5GLbw0Il21M+g=="],

    "@firebase/storage-types": ["@firebase/storage-types@0.8.3", "", { "peerDependencies": { "@firebase/app-types": "0.x", "@firebase/util": "1.x" } }, "sha512-+Muk7g9uwngTpd8xn9OdF/D48uiQ7I1Fae7ULsWPuKoCH3HU7bfFPhxtJYzyhjdniowhuDpQcfPmuNRAqZEfvg=="],

    "@firebase/util": ["@firebase/util@1.13.0", "", { "dependencies": { "tslib": "^2.1.0" } }, "sha512-0AZUyYUfpMNcztR5l09izHwXkZpghLgCUaAGjtMwXnCg3bj4ml5VgiwqOMOxJ+Nw4qN/zJAaOQBcJ7KGkWStqQ=="],

    "@firebase/webchannel-wrapper": ["@firebase/webchannel-wrapper@1.0.5", "", {}, "sha512-+uGNN7rkfn41HLO0vekTFhTxk61eKa8mTpRGLO0QSqlQdKvIoGAvLp3ppdVIWbTGYJWM6Kp0iN+PjMIOcnVqTw=="],

    "@grpc/grpc-js": ["@grpc/grpc-js@1.9.15", "", { "dependencies": { "@grpc/proto-loader": "^0.7.8", "@types/node": ">=12.12.47" } }, "sha512-nqE7Hc0AzI+euzUwDAy0aY5hCp10r734gMGRdU+qOPX0XSceI2ULrcXB5U2xSc5VkWwalCj4M7GzCAygZl2KoQ=="],

    "@grpc/proto-loader": ["@grpc/proto-loader@0.7.15", "", { "dependencies": { "lodash.camelcase": "^4.3.0", "long": "^5.0.0", "protobufjs": "^7.2.5", "yargs": "^17.7.2" }, "bin": { "proto-loader-gen-types": "build/bin/proto-loader-gen-types.js" } }, "sha512-tMXdRCfYVixjuFK+Hk0Q1s38gV9zDiDJfWL3h1rv4Qc39oILCu1TRTDt7+fGUI8K4G1Fj125Hx/ru3azECWTyQ=="],

    "@protobufjs/aspromise": ["@protobufjs/aspromise@1.1.2", "", {}, "sha512-j+gKExEuLmKwvz3OgROXtrJ2UG2x8Ch2YZUxahh+s1F2HZ+wAceUNLkvy6zKCPVRkU++ZWQrdxsUeQXmcg4uoQ=="],

    "@protobufjs/base64": ["@protobufjs/base64@1.1.2", "", {}, "sha512-AZkcAA5vnN/v4PDqKyMR5lx7hZttPDgClv83E//FMNhR2TMcLUhfRUBHCmSl0oi9zMgDDqRUJkSxO3wm85+XLg=="],

    "@protobufjs/codegen": ["@protobufjs/codegen@2.0.4", "", {}, "sha512-YyFaikqM5sH0ziFZCN3xDC7zeGaB/d0IUb9CATugHWbd1FRFwWwt4ld4OYMPWu5a3Xe01mGAULCdqhMlPl29Jg=="],

    "@protobufjs/eventemitter": ["@protobufjs/eventemitter@1.1.0", "", {}, "sha512-j9ednRT81vYJ9OfVuXG6ERSTdEL1xVsNgqpkxMsbIabzSo3goCjDIveeGv5d03om39ML71RdmrGNjG5SReBP/Q=="],

    "@protobufjs/fetch": ["@protobufjs/fetch@1.1.0", "", { "dependencies": { "@protobufjs/aspromise": "^1.1.1", "@protobufjs/inquire": "^1.1.0" } }, "sha512-lljVXpqXebpsijW71PZaCYeIcE5on1w5DlQy5WH6GLbFryLUrBD4932W/E2BSpfRJWseIL4v/KPgBFxDOIdKpQ=="],

    "@protobufjs/float": ["@protobufjs/float@1.0.2", "", {}, "sha512-Ddb+kVXlXst9d+R9PfTIxh1EdNkgoRe5tOX6t01f1lYWOvJnSPDBlG241QLzcyPdoNTsblLUdujGSE4RzrTZGQ=="],

    "@protobufjs/inquire": ["@protobufjs/inquire@1.1.0", "", {}, "sha512-kdSefcPdruJiFMVSbn801t4vFK7KB/5gd2fYvrxhuJYg8ILrmn9SKSX2tZdV6V+ksulWqS7aXjBcRXl3wHoD9Q=="],

    "@protobufjs/path": ["@protobufjs/path@1.1.2", "", {}, "sha512-6JOcJ5Tm08dOHAbdR3GrvP+yUUfkjG5ePsHYczMFLq3ZmMkAD98cDgcT2iA1lJ9NVwFd4tH/iSSoe44YWkltEA=="],

    "@protobufjs/pool": ["@protobufjs/pool@1.1.0", "", {}, "sha512-0kELaGSIDBKvcgS4zkjz1PeddatrjYcmMWOlAuAPwAeccUrPHdUqo/J6LiymHHEiJT5NrF1UVwxY14f+fy4WQw=="],

    "@protobufjs/utf8": ["@protobufjs/utf8@1.1.0", "", {}, "sha512-Vvn3zZrhQZkkBE8LSuW3em98c0FwgO4nxzv6OdSxPKJIEKY2bGbHn+mhGIPerzI4twdxaP8/0+06HBpwf345Lw=="],

    "@rollup/rollup-android-arm-eabi": ["@rollup/rollup-android-arm-eabi@4.9.4", "", { "os": "android", "cpu": "arm" }, "sha512-ub/SN3yWqIv5CWiAZPHVS1DloyZsJbtXmX4HxUTIpS0BHm9pW5iYBo2mIZi+hE3AeiTzHz33blwSnhdUo+9NpA=="],

    "@rollup/rollup-android-arm64": ["@rollup/rollup-android-arm64@4.9.4", "", { "os": "android", "cpu": "arm64" }, "sha512-ehcBrOR5XTl0W0t2WxfTyHCR/3Cq2jfb+I4W+Ch8Y9b5G+vbAecVv0Fx/J1QKktOrgUYsIKxWAKgIpvw56IFNA=="],

    "@rollup/rollup-darwin-arm64": ["@rollup/rollup-darwin-arm64@4.9.4", "", { "os": "darwin", "cpu": "arm64" }, "sha512-1fzh1lWExwSTWy8vJPnNbNM02WZDS8AW3McEOb7wW+nPChLKf3WG2aG7fhaUmfX5FKw9zhsF5+MBwArGyNM7NA=="],

    "@rollup/rollup-darwin-x64": ["@rollup/rollup-darwin-x64@4.9.4", "", { "os": "darwin", "cpu": "x64" }, "sha512-Gc6cukkF38RcYQ6uPdiXi70JB0f29CwcQ7+r4QpfNpQFVHXRd0DfWFidoGxjSx1DwOETM97JPz1RXL5ISSB0pA=="],

    "@rollup/rollup-linux-arm-gnueabihf": ["@rollup/rollup-linux-arm-gnueabihf@4.9.4", "", { "os": "linux", "cpu": "arm" }, "sha512-g21RTeFzoTl8GxosHbnQZ0/JkuFIB13C3T7Y0HtKzOXmoHhewLbVTFBQZu+z5m9STH6FZ7L/oPgU4Nm5ErN2fw=="],

    "@rollup/rollup-linux-arm64-gnu": ["@rollup/rollup-linux-arm64-gnu@4.9.4", "", { "os": "linux", "cpu": "arm64" }, "sha512-TVYVWD/SYwWzGGnbfTkrNpdE4HON46orgMNHCivlXmlsSGQOx/OHHYiQcMIOx38/GWgwr/po2LBn7wypkWw/Mg=="],

    "@rollup/rollup-linux-arm64-musl": ["@rollup/rollup-linux-arm64-musl@4.9.4", "", { "os": "linux", "cpu": "arm64" }, "sha512-XcKvuendwizYYhFxpvQ3xVpzje2HHImzg33wL9zvxtj77HvPStbSGI9czrdbfrf8DGMcNNReH9pVZv8qejAQ5A=="],

    "@rollup/rollup-linux-riscv64-gnu": ["@rollup/rollup-linux-riscv64-gnu@4.9.4", "", { "os": "linux", "cpu": "none" }, "sha512-LFHS/8Q+I9YA0yVETyjonMJ3UA+DczeBd/MqNEzsGSTdNvSJa1OJZcSH8GiXLvcizgp9AlHs2walqRcqzjOi3A=="],

    "@rollup/rollup-linux-x64-gnu": ["@rollup/rollup-linux-x64-gnu@4.9.4", "", { "os": "linux", "cpu": "x64" }, "sha512-dIYgo+j1+yfy81i0YVU5KnQrIJZE8ERomx17ReU4GREjGtDW4X+nvkBak2xAUpyqLs4eleDSj3RrV72fQos7zw=="],

    "@rollup/rollup-linux-x64-musl": ["@rollup/rollup-linux-x64-musl@4.9.4", "", { "os": "linux", "cpu": "x64" }, "sha512-RoaYxjdHQ5TPjaPrLsfKqR3pakMr3JGqZ+jZM0zP2IkDtsGa4CqYaWSfQmZVgFUCgLrTnzX+cnHS3nfl+kB6ZQ=="],

    "@rollup/rollup-win32-arm64-msvc": ["@rollup/rollup-win32-arm64-msvc@4.9.4", "", { "os": "win32", "cpu": "arm64" }, "sha512-T8Q3XHV+Jjf5e49B4EAaLKV74BbX7/qYBRQ8Wop/+TyyU0k+vSjiLVSHNWdVd1goMjZcbhDmYZUYW5RFqkBNHQ=="],

    "@rollup/rollup-win32-ia32-msvc": ["@rollup/rollup-win32-ia32-msvc@4.9.4", "", { "os": "win32", "cpu": "ia32" }, "sha512-z+JQ7JirDUHAsMecVydnBPWLwJjbppU+7LZjffGf+Jvrxq+dVjIE7By163Sc9DKc3ADSU50qPVw0KonBS+a+HQ=="],

    "@rollup/rollup-win32-x64-msvc": ["@rollup/rollup-win32-x64-msvc@4.9.4", "", { "os": "win32", "cpu": "x64" }, "sha512-LfdGXCV9rdEify1oxlN9eamvDSjv9md9ZVMAbNHA87xqIfFCxImxan9qZ8+Un54iK2nnqPlbnSi4R54ONtbWBw=="],

    "@types/estree": ["@types/estree@1.0.5", "", {}, "sha512-/kYRxGDLWzHOB7q+wtSUQlFrtcdUccpfy+X+9iMBpHK8QLLhx2wIPYuS5DYtR9Wa/YlZAbIovy7qVdB1Aq6Lyw=="],

    "@types/node": ["@types/node@25.2.1", "", { "dependencies": { "undici-types": "~7.16.0" } }, "sha512-CPrnr8voK8vC6eEtyRzvMpgp3VyVRhgclonE7qYi6P9sXwYb59ucfrnmFBTaP0yUi8Gk4yZg/LlTJULGxvTNsg=="],

    "ansi-regex": ["ansi-regex@5.0.1", "", {}, "sha512-quJQXlTSUGL2LH9SUXo8VwsY4soanhgo6LNSm84E1LBcE8s3O0wpdiRzyR9z/ZZJMlMWv37qOOb9pdJlMUEKFQ=="],

    "ansi-styles": ["ansi-styles@4.3.0", "", { "dependencies": { "color-convert": "^2.0.1" } }, "sha512-zbB9rCJAT1rbjiVDb2hqKFHNYLxgtk8NURxZ3IZwD3F6NtxbXZQCnnSi1Lkx+IDohdPlFp222wVALIheZJQSEg=="],

    "cliui": ["cliui@8.0.1", "", { "dependencies": { "string-width": "^4.2.0", "strip-ansi": "^6.0.1", "wrap-ansi": "^7.0.0" } }, "sha512-BSeNnyus75C4//NQ9gQt1/csTXyo/8Sb+afLAkzAptFuMsod9HFokGNudZpi/oQV73hnVK+sR+5PVRMd+Dr7YQ=="],

    "color-convert": ["color-convert@2.0.1", "", { "dependencies": { "color-name": "~1.1.4" } }, "sha512-RRECPsj7iu/xb5oKYcsFHSppFNnsj/52OVTRKb4zP5onXwVF3zVmmToNcOfGC+CRDpfK/U584fMg38ZHCaElKQ=="],

    "color-name": ["color-name@1.1.4", "", {}, "sha512-dOy+3AuW3a2wNbZHIuMZpTcgjGuLU/uBL/ubcZF9OXbDo8ff4O8yVp5Bf0efS8uEoYo5q4Fx7dY9OgQGXgAsQA=="],

    "emoji-regex": ["emoji-regex@8.0.0", "", {}, "sha512-MSjYzcWNOA0ewAHpz0MxpYFvwg6yjy1NG3xteoqz644VCo/RPgnr1/GGt+ic3iJTzQ8Eu3TdM14SawnVUmGE6A=="],

    "esbuild": ["esbuild@0.19.11", "", { "optionalDependencies": { "@esbuild/aix-ppc64": "0.19.11", "@esbuild/android-arm": "0.19.11", "@esbuild/android-arm64": "0.19.11", "@esbuild/android-x64": "0.19.11", "@esbuild/darwin-arm64": "0.19.11", "@esbuild/darwin-x64": "0.19.11", "@esbuild/freebsd-arm64": "0.19.11", "@esbuild/freebsd-x64": "0.19.11", "@esbuild/linux-arm": "0.19.11", "@esbuild/linux-arm64": "0.19.11", "@esbuild/linux-ia32": "0.19.11", "@esbuild/linux-loong64": "0.19.11", "@esbuild/linux-mips64el": "0.19.11", "@esbuild/linux-ppc64": "0.19.11", "@esbuild/linux-riscv64": "0.19.11", "@esbuild/linux-s390x": "0.19.11", "@esbuild/linux-x64": "0.19.11", "@esbuild/netbsd-x64": "0.19.11", "@esbuild/openbsd-x64": "0.19.11", "@esbuild/sunos-x64": "0.19.11", "@esbuild/win32-arm64": "0.19.11", "@esbuild/win32-ia32": "0.19.11", "@esbuild/win32-x64": "0.19.11" }, "bin": "bin/esbuild" }, "sha512-HJ96Hev2hX/6i5cDVwcqiJBBtuo9+FeIJOtZ9W1kA5M6AMJRHUZlpYZ1/SbEwtO0ioNAW8rUooVpC/WehY2SfA=="],

    "escalade": ["escalade@3.2.0", "", {}, "sha512-WUj2qlxaQtO4g6Pq5c29GTcWGDyd8itL8zTlipgECz3JesAiiOKotd8JU6otB3PACgG6xkJUyVhboMS+bje/jA=="],

    "eventemitter3": ["eventemitter3@5.0.1", "", {}, "sha512-GWkBvjiSZK87ELrYOSESUYeVIc9mvLLf/nXalMOS5dYrgZq9o5OVkbZAVM06CVxYsCwH9BDZFPlQTlPA1j4ahA=="],

    "faye-websocket": ["faye-websocket@0.11.4", "", { "dependencies": { "websocket-driver": ">=0.5.1" } }, "sha512-CzbClwlXAuiRQAlUyfqPgvPoNKTckTPGfwZV4ZdAhVcP2lh9KUxJg2b5GkE7XbjKQ3YJnQ9z6D9ntLAlB+tP8g=="],

    "firebase": ["firebase@12.9.0", "", { "dependencies": { "@firebase/ai": "2.8.0", "@firebase/analytics": "0.10.19", "@firebase/analytics-compat": "0.2.25", "@firebase/app": "0.14.8", "@firebase/app-check": "0.11.0", "@firebase/app-check-compat": "0.4.0", "@firebase/app-compat": "0.5.8", "@firebase/app-types": "0.9.3", "@firebase/auth": "1.12.0", "@firebase/auth-compat": "0.6.2", "@firebase/data-connect": "0.3.12", "@firebase/database": "1.1.0", "@firebase/database-compat": "2.1.0", "@firebase/firestore": "4.11.0", "@firebase/firestore-compat": "0.4.5", "@firebase/functions": "0.13.1", "@firebase/functions-compat": "0.4.1", "@firebase/installations": "0.6.19", "@firebase/installations-compat": "0.2.19", "@firebase/messaging": "0.12.23", "@firebase/messaging-compat": "0.2.23", "@firebase/performance": "0.7.9", "@firebase/performance-compat": "0.2.22", "@firebase/remote-config": "0.8.0", "@firebase/remote-config-compat": "0.2.21", "@firebase/storage": "0.14.0", "@firebase/storage-compat": "0.4.0", "@firebase/util": "1.13.0" } }, "sha512-CwwTYoqZg6KxygPOaaJqIc4aoLvo0RCRrXoln9GoxLE8QyAwTydBaSLGVlR4WPcuOgN3OEL0tJLT1H4IU/dv7w=="],

    "fsevents": ["fsevents@2.3.3", "", { "os": "darwin" }, "sha512-5xoDfX+fL7faATnagmWPpbFtwh/R77WmMMqqHGS65C3vvB0YHrgF+B1YmZ3441tMj5n63k0212XNoJwzlhffQw=="],

    "get-caller-file": ["get-caller-file@2.0.5", "", {}, "sha512-DyFP3BM/3YHTQOCUL/w0OZHR0lpKeGrxotcHWcqNEdnltqFwXVfhEBQ94eIo34AfQpo0rGki4cyIiftY06h2Fg=="],

    "http-parser-js": ["http-parser-js@0.5.10", "", {}, "sha512-Pysuw9XpUq5dVc/2SMHpuTY01RFl8fttgcyunjL7eEMhGM3cI4eOmiCycJDVCo/7O7ClfQD3SaI6ftDzqOXYMA=="],

    "idb": ["idb@7.1.1", "", {}, "sha512-gchesWBzyvGHRO9W8tzUWFDycow5gwjvFKfyV9FF32Y7F50yZMp7mP+T2mJIWFx49zicqyC4uefHM17o6xKIVQ=="],

    "is-fullwidth-code-point": ["is-fullwidth-code-point@3.0.0", "", {}, "sha512-zymm5+u+sCsSWyD9qNaejV3DFvhCKclKdizYaJUuHA83RLjb7nSuGnddCHGv0hk+KY7BMAlsWeK4Ueg6EV6XQg=="],

    "lodash.camelcase": ["lodash.camelcase@4.3.0", "", {}, "sha512-TwuEnCnxbc3rAvhf/LbG7tJUDzhqXyFnv3dtzLOPgCG/hODL7WFnsbwktkD7yUV0RrreP/l1PALq/YSg6VvjlA=="],

    "long": ["long@5.3.2", "", {}, "sha512-mNAgZ1GmyNhD7AuqnTG3/VQ26o760+ZYBPKjPvugO8+nLbYfX6TVpJPseBvopbdY+qpZ/lKUnmEc1LeZYS3QAA=="],

    "nanoid": ["nanoid@3.3.7", "", { "bin": "bin/nanoid.cjs" }, "sha512-eSRppjcPIatRIMC1U6UngP8XFcz8MQWGQdt1MTBQ7NaAmvXDfvNxbvWV3x2y6CdEUciCSsDHDQZbhYaB8QEo2g=="],

    "phaser": ["phaser@3.80.1", "", { "dependencies": { "eventemitter3": "^5.0.1" } }, "sha512-VQGAWoDOkEpAWYkI+PUADv5Ql+SM0xpLuAMBJHz9tBcOLqjJ2wd8bUhxJgOqclQlLTg97NmMd9MhS75w16x1Cw=="],

    "picocolors": ["picocolors@1.0.0", "", {}, "sha512-1fygroTLlHu66zi26VoTDv8yRgm0Fccecssto+MhsZ0D/DGW2sm8E8AjW7NU5VVTRt5GxbeZ5qBuJr+HyLYkjQ=="],

    "postcss": ["postcss@8.4.35", "", { "dependencies": { "nanoid": "^3.3.7", "picocolors": "^1.0.0", "source-map-js": "^1.0.2" } }, "sha512-u5U8qYpBCpN13BsiEB0CbR1Hhh4Gc0zLFuedrHJKMctHCHAGrMdG0PRM/KErzAL3CU6/eckEtmHNB3x6e3c0vA=="],

    "protobufjs": ["protobufjs@7.5.4", "", { "dependencies": { "@protobufjs/aspromise": "^1.1.2", "@protobufjs/base64": "^1.1.2", "@protobufjs/codegen": "^2.0.4", "@protobufjs/eventemitter": "^1.1.0", "@protobufjs/fetch": "^1.1.0", "@protobufjs/float": "^1.0.2", "@protobufjs/inquire": "^1.1.0", "@protobufjs/path": "^1.1.2", "@protobufjs/pool": "^1.1.0", "@protobufjs/utf8": "^1.1.0", "@types/node": ">=13.7.0", "long": "^5.0.0" } }, "sha512-CvexbZtbov6jW2eXAvLukXjXUW1TzFaivC46BpWc/3BpcCysb5Vffu+B3XHMm8lVEuy2Mm4XGex8hBSg1yapPg=="],

    "require-directory": ["require-directory@2.1.1", "", {}, "sha512-fGxEI7+wsG9xrvdjsrlmL22OMTTiHRwAMroiEeMgq8gzoLC/PQr7RsRDSTLUg/bZAZtF+TVIkHc6/4RIKrui+Q=="],

    "rollup": ["rollup@4.9.4", "", { "dependencies": { "@types/estree": "1.0.5" }, "optionalDependencies": { "@rollup/rollup-android-arm-eabi": "4.9.4", "@rollup/rollup-android-arm64": "4.9.4", "@rollup/rollup-darwin-arm64": "4.9.4", "@rollup/rollup-darwin-x64": "4.9.4", "@rollup/rollup-linux-arm-gnueabihf": "4.9.4", "@rollup/rollup-linux-arm64-gnu": "4.9.4", "@rollup/rollup-linux-arm64-musl": "4.9.4", "@rollup/rollup-linux-riscv64-gnu": "4.9.4", "@rollup/rollup-linux-x64-gnu": "4.9.4", "@rollup/rollup-linux-x64-musl": "4.9.4", "@rollup/rollup-win32-arm64-msvc": "4.9.4", "@rollup/rollup-win32-ia32-msvc": "4.9.4", "@rollup/rollup-win32-x64-msvc": "4.9.4", "fsevents": "~2.3.2" }, "bin": "dist/bin/rollup" }, "sha512-2ztU7pY/lrQyXSCnnoU4ICjT/tCG9cdH3/G25ERqE3Lst6vl2BCM5hL2Nw+sslAvAf+ccKsAq1SkKQALyqhR7g=="],

    "safe-buffer": ["safe-buffer@5.2.1", "", {}, "sha512-rp3So07KcdmmKbGvgaNxQSJr7bGVSVk5S9Eq1F+ppbRo70+YeaDxkw5Dd8NPN+GD6bjnYm2VuPuCXmpuYvmCXQ=="],

    "source-map-js": ["source-map-js@1.0.2", "", {}, "sha512-R0XvVJ9WusLiqTCEiGCmICCMplcCkIwwR11mOSD9CR5u+IXYdiseeEuXCVAjS54zqwkLcPNnmU4OeJ6tUrWhDw=="],

    "string-width": ["string-width@4.2.3", "", { "dependencies": { "emoji-regex": "^8.0.0", "is-fullwidth-code-point": "^3.0.0", "strip-ansi": "^6.0.1" } }, "sha512-wKyQRQpjJ0sIp62ErSZdGsjMJWsap5oRNihHhu6G7JVO/9jIB6UyevL+tXuOqrng8j/cxKTWyWUwvSTriiZz/g=="],

    "strip-ansi": ["strip-ansi@6.0.1", "", { "dependencies": { "ansi-regex": "^5.0.1" } }, "sha512-Y38VPSHcqkFrCpFnQ9vuSXmquuv5oXOKpGeT6aGrr3o3Gc9AlVa6JBfUSOCnbxGGZF+/0ooI7KrPuUSztUdU5A=="],

    "tslib": ["tslib@2.8.1", "", {}, "sha512-oJFu94HQb+KVduSUQL7wnpmqnfmLsOA/nAh6b6EH0wCEoK0/mPeXU6c3wKDV83MkOuHPRHtSXKKU99IBazS/2w=="],

    "undici-types": ["undici-types@7.16.0", "", {}, "sha512-Zz+aZWSj8LE6zoxD+xrjh4VfkIG8Ya6LvYkZqtUQGJPZjYl53ypCaUwWqo7eI0x66KBGeRo+mlBEkMSeSZ38Nw=="],

    "vite": ["vite@5.1.6", "", { "dependencies": { "esbuild": "^0.19.3", "postcss": "^8.4.35", "rollup": "^4.2.0" }, "optionalDependencies": { "fsevents": "~2.3.3" }, "peerDependencies": { "@types/node": "^18.0.0 || >=20.0.0", "less": "*", "lightningcss": "^1.21.0", "sass": "*", "stylus": "*", "sugarss": "*", "terser": "^5.4.0" }, "optionalPeers": ["@types/node", "less", "lightningcss", "sass", "stylus", "sugarss", "terser"], "bin": "bin/vite.js" }, "sha512-yYIAZs9nVfRJ/AiOLCA91zzhjsHUgMjB+EigzFb6W2XTLO8JixBCKCjvhKZaye+NKYHCrkv3Oh50dH9EdLU2RA=="],

    "web-vitals": ["web-vitals@4.2.4", "", {}, "sha512-r4DIlprAGwJ7YM11VZp4R884m0Vmgr6EAKe3P+kO0PPj3Unqyvv59rczf6UiGcb9Z8QxZVcqKNwv/g0WNdWwsw=="],

    "websocket-driver": ["websocket-driver@0.7.4", "", { "dependencies": { "http-parser-js": ">=0.5.1", "safe-buffer": ">=5.1.0", "websocket-extensions": ">=0.1.1" } }, "sha512-b17KeDIQVjvb0ssuSDF2cYXSg2iztliJ4B9WdsuB6J952qCPKmnVq4DyW5motImXHDC1cBT/1UezrJVsKw5zjg=="],

    "websocket-extensions": ["websocket-extensions@0.1.4", "", {}, "sha512-OqedPIGOfsDlo31UNwYbCFMSaO9m9G/0faIHj5/dZFDMFqPTcx6UwqyOy3COEaEOg/9VsGIpdqn62W5KhoKSpg=="],

    "wrap-ansi": ["wrap-ansi@7.0.0", "", { "dependencies": { "ansi-styles": "^4.0.0", "string-width": "^4.1.0", "strip-ansi": "^6.0.0" } }, "sha512-YVGIj2kamLSTxw6NsZjoBxfSwsn0ycdesmc4p+Q21c5zPuZ1pl+NfxVdxPtdHvmNVOQ6XSYG4AUtyt/Fi7D16Q=="],

    "y18n": ["y18n@5.0.8", "", {}, "sha512-0pfFzegeDWJHJIAmTLRP2DwHjdF5s7jo9tuztdQxAhINCdvS+3nGINqPd00AphqJR/0LhANUS6/+7SCb98YOfA=="],

    "yargs": ["yargs@17.7.2", "", { "dependencies": { "cliui": "^8.0.1", "escalade": "^3.1.1", "get-caller-file": "^2.0.5", "require-directory": "^2.1.1", "string-width": "^4.2.3", "y18n": "^5.0.5", "yargs-parser": "^21.1.1" } }, "sha512-7dSzzRQ++CKnNI/krKnYRV7JKKPUXMEh61soaHKg9mrWEhzFWhFnxPxGl+69cD1Ou63C13NUPCnmIcrvqCuM6w=="],

    "yargs-parser": ["yargs-parser@21.1.1", "", {}, "sha512-tVpsJW7DdjecAiFpbIB1e3qxIQsE6NoPc5/eTdrbbIC4h0LVsWhnoa3g+m2HclBIujHzsxZ4VJVA+GUuc2/LBw=="],
  }
}
